
Microsoft Visual Studio Solution File, Format Version 12.00
# Visual Studio Version 17
VisualStudioVersion = 17.14.36221.1 d17.14
MinimumVisualStudioVersion = 10.0.40219.1
Project("{FAE04EC0-301F-11D3-BF4B-00C04F79EFBC}") = "SinavTakvimiOlusturmaSistemi", "SinavTakvimiOlusturmaSistemi\SinavTakvimiOlusturmaSistemi.csproj", "{448C1CF6-F6F3-463F-A9B9-302EA0957744}"
EndProject
Global
	GlobalSection(SolutionConfigurationPlatforms) = preSolution
		Debug|Any CPU = Debug|Any CPU
		Release|Any CPU = Release|Any CPU
	EndGlobalSection
	GlobalSection(ProjectConfigurationPlatforms) = postSolution
		{448C1CF6-F6F3-463F-A9B9-302EA0957744}.Debug|Any CPU.ActiveCfg = Debug|Any CPU
		{448C1CF6-F6F3-463F-A9B9-302EA0957744}.Debug|Any CPU.Build.0 = Debug|Any CPU
		{448C1CF6-F6F3-463F-A9B9-302EA0957744}.Release|Any CPU.ActiveCfg = Release|Any CPU
		{448C1CF6-F6F3-463F-A9B9-302EA0957744}.Release|Any CPU.Build.0 = Release|Any CPU
	EndGlobalSection
	GlobalSection(SolutionProperties) = preSolution
		HideSolutionNode = FALSE
	EndGlobalSection
	GlobalSection(ExtensibilityGlobals) = postSolution
		SolutionGuid = {8B1D8D35-65FB-41CB-A5A1-393770F7667B}
	EndGlobalSection
EndGlobal
